// !$*UTF8*$!
{
	archiveVersion = 1;
	classes = {
	};
	objectVersion = 50;
	objects = {

/* Begin PBXBuildFile section */
		1A9FCBC221BBF1D700A124B6 /* AppDelegate.swift in Sources */ = {isa = PBXBuildFile; fileRef = 1A9FCBC121BBF1D700A124B6 /* AppDelegate.swift */; };
		1A9FCBC421BBF1D700A124B6 /* NewPostViewController.swift in Sources */ = {isa = PBXBuildFile; fileRef = 1A9FCBC321BBF1D700A124B6 /* NewPostViewController.swift */; };
		1A9FCBC721BBF1D700A124B6 /* Main.storyboard in Resources */ = {isa = PBXBuildFile; fileRef = 1A9FCBC521BBF1D700A124B6 /* Main.storyboard */; };
		1A9FCBC921BBF1D800A124B6 /* Assets.xcassets in Resources */ = {isa = PBXBuildFile; fileRef = 1A9FCBC821BBF1D800A124B6 /* Assets.xcassets */; };
		1A9FCBCC21BBF1D800A124B6 /* LaunchScreen.storyboard in Resources */ = {isa = PBXBuildFile; fileRef = 1A9FCBCA21BBF1D800A124B6 /* LaunchScreen.storyboard */; };
		1A9FCBDA21BBF4D100A124B6 /* PostTableViewCell.swift in Sources */ = {isa = PBXBuildFile; fileRef = 1A9FCBD921BBF4D100A124B6 /* PostTableViewCell.swift */; };
		1A9FCC1E21BC5ACB00A124B6 /* CategoryViewController.swift in Sources */ = {isa = PBXBuildFile; fileRef = 1A9FCC1D21BC5ACB00A124B6 /* CategoryViewController.swift */; };
		1A9FCC2121BC5AFF00A124B6 /* CategoryCollCell.swift in Sources */ = {isa = PBXBuildFile; fileRef = 1A9FCC2021BC5AFF00A124B6 /* CategoryCollCell.swift */; };
		1A9FCC2521BC5B5300A124B6 /* CategoryCollCell.xib in Resources */ = {isa = PBXBuildFile; fileRef = 1A9FCC2421BC5B5200A124B6 /* CategoryCollCell.xib */; };
		1A9FCC2821BC5BFC00A124B6 /* Constants.swift in Sources */ = {isa = PBXBuildFile; fileRef = 1A9FCC2721BC5BFC00A124B6 /* Constants.swift */; };
		1A9FCC2B21BC67FB00A124B6 /* ToolbarPickerView.swift in Sources */ = {isa = PBXBuildFile; fileRef = 1A9FCC2A21BC67FA00A124B6 /* ToolbarPickerView.swift */; };
		1A9FCC2F21BD0EBA00A124B6 /* PlaceHoldeTextView.swift in Sources */ = {isa = PBXBuildFile; fileRef = 1A9FCC2E21BD0EBA00A124B6 /* PlaceHoldeTextView.swift */; };
		1A9FCC3321BD0F0100A124B6 /* DoubleElementTableViewCell.swift in Sources */ = {isa = PBXBuildFile; fileRef = 1A9FCC3021BD0F0000A124B6 /* DoubleElementTableViewCell.swift */; };
		1A9FCC3421BD0F0100A124B6 /* DescriptionTableCell.swift in Sources */ = {isa = PBXBuildFile; fileRef = 1A9FCC3121BD0F0100A124B6 /* DescriptionTableCell.swift */; };
		1A9FCC3521BD0F0100A124B6 /* SingleElementTableViewCell.swift in Sources */ = {isa = PBXBuildFile; fileRef = 1A9FCC3221BD0F0100A124B6 /* SingleElementTableViewCell.swift */; };
		1A9FCC3721BD0FD800A124B6 /* Extension.swift in Sources */ = {isa = PBXBuildFile; fileRef = 1A9FCC3621BD0FD800A124B6 /* Extension.swift */; };
		1A9FCC3B21BD49EC00A124B6 /* PostAttachmentCell.xib in Resources */ = {isa = PBXBuildFile; fileRef = 1A9FCC3921BD49EC00A124B6 /* PostAttachmentCell.xib */; };
		1A9FCC3C21BD49EC00A124B6 /* PostAttachmentCell.swift in Sources */ = {isa = PBXBuildFile; fileRef = 1A9FCC3A21BD49EC00A124B6 /* PostAttachmentCell.swift */; };
		1A9FCC3F21BD4A0900A124B6 /* AttachmentPreviewCell.xib in Resources */ = {isa = PBXBuildFile; fileRef = 1A9FCC3D21BD4A0800A124B6 /* AttachmentPreviewCell.xib */; };
		1A9FCC4021BD4A0900A124B6 /* AttachmentPreviewCell.swift in Sources */ = {isa = PBXBuildFile; fileRef = 1A9FCC3E21BD4A0800A124B6 /* AttachmentPreviewCell.swift */; };
		1A9FCC4421BD4A2B00A124B6 /* ImagePicker.swift in Sources */ = {isa = PBXBuildFile; fileRef = 1A9FCC4121BD4A2B00A124B6 /* ImagePicker.swift */; };
		1A9FCC4521BD4A2B00A124B6 /* PickerViewController.swift in Sources */ = {isa = PBXBuildFile; fileRef = 1A9FCC4221BD4A2B00A124B6 /* PickerViewController.swift */; };
		1A9FCC4621BD4A2B00A124B6 /* ImagePickerDelegate.swift in Sources */ = {isa = PBXBuildFile; fileRef = 1A9FCC4321BD4A2B00A124B6 /* ImagePickerDelegate.swift */; };
		1A9FCC4821BD4A4400A124B6 /* UIViewController+Extension.swift in Sources */ = {isa = PBXBuildFile; fileRef = 1A9FCC4721BD4A4400A124B6 /* UIViewController+Extension.swift */; };
		1A9FCC4B21BD646F00A124B6 /* CoreServices.framework in Frameworks */ = {isa = PBXBuildFile; fileRef = 1A9FCC4A21BD646E00A124B6 /* CoreServices.framework */; };
/* End PBXBuildFile section */

/* Begin PBXFileReference section */
		1A9FCBBE21BBF1D700A124B6 /* Assignment.app */ = {isa = PBXFileReference; explicitFileType = wrapper.application; includeInIndex = 0; path = Assignment.app; sourceTree = BUILT_PRODUCTS_DIR; };
		1A9FCBC121BBF1D700A124B6 /* AppDelegate.swift */ = {isa = PBXFileReference; lastKnownFileType = sourcecode.swift; path = AppDelegate.swift; sourceTree = "<group>"; };
		1A9FCBC321BBF1D700A124B6 /* NewPostViewController.swift */ = {isa = PBXFileReference; lastKnownFileType = sourcecode.swift; path = NewPostViewController.swift; sourceTree = "<group>"; };
		1A9FCBC621BBF1D700A124B6 /* Base */ = {isa = PBXFileReference; lastKnownFileType = file.storyboard; name = Base; path = Base.lproj/Main.storyboard; sourceTree = "<group>"; };
		1A9FCBC821BBF1D800A124B6 /* Assets.xcassets */ = {isa = PBXFileReference; lastKnownFileType = folder.assetcatalog; path = Assets.xcassets; sourceTree = "<group>"; };
		1A9FCBCB21BBF1D800A124B6 /* Base */ = {isa = PBXFileReference; lastKnownFileType = file.storyboard; name = Base; path = Base.lproj/LaunchScreen.storyboard; sourceTree = "<group>"; };
		1A9FCBCD21BBF1D800A124B6 /* Info.plist */ = {isa = PBXFileReference; lastKnownFileType = text.plist.xml; path = Info.plist; sourceTree = "<group>"; };
		1A9FCBD921BBF4D100A124B6 /* PostTableViewCell.swift */ = {isa = PBXFileReference; lastKnownFileType = sourcecode.swift; path = PostTableViewCell.swift; sourceTree = "<group>"; };
		1A9FCC1D21BC5ACB00A124B6 /* CategoryViewController.swift */ = {isa = PBXFileReference; fileEncoding = 4; lastKnownFileType = sourcecode.swift; path = CategoryViewController.swift; sourceTree = "<group>"; };
		1A9FCC2021BC5AFF00A124B6 /* CategoryCollCell.swift */ = {isa = PBXFileReference; fileEncoding = 4; lastKnownFileType = sourcecode.swift; path = CategoryCollCell.swift; sourceTree = "<group>"; };
		1A9FCC2421BC5B5200A124B6 /* CategoryCollCell.xib */ = {isa = PBXFileReference; fileEncoding = 4; lastKnownFileType = file.xib; path = CategoryCollCell.xib; sourceTree = "<group>"; };
		1A9FCC2721BC5BFC00A124B6 /* Constants.swift */ = {isa = PBXFileReference; lastKnownFileType = sourcecode.swift; path = Constants.swift; sourceTree = "<group>"; };
		1A9FCC2A21BC67FA00A124B6 /* ToolbarPickerView.swift */ = {isa = PBXFileReference; fileEncoding = 4; lastKnownFileType = sourcecode.swift; path = ToolbarPickerView.swift; sourceTree = "<group>"; };
		1A9FCC2E21BD0EBA00A124B6 /* PlaceHoldeTextView.swift */ = {isa = PBXFileReference; lastKnownFileType = sourcecode.swift; path = PlaceHoldeTextView.swift; sourceTree = "<group>"; };
		1A9FCC3021BD0F0000A124B6 /* DoubleElementTableViewCell.swift */ = {isa = PBXFileReference; fileEncoding = 4; lastKnownFileType = sourcecode.swift; path = DoubleElementTableViewCell.swift; sourceTree = "<group>"; };
		1A9FCC3121BD0F0100A124B6 /* DescriptionTableCell.swift */ = {isa = PBXFileReference; fileEncoding = 4; lastKnownFileType = sourcecode.swift; path = DescriptionTableCell.swift; sourceTree = "<group>"; };
		1A9FCC3221BD0F0100A124B6 /* SingleElementTableViewCell.swift */ = {isa = PBXFileReference; fileEncoding = 4; lastKnownFileType = sourcecode.swift; path = SingleElementTableViewCell.swift; sourceTree = "<group>"; };
		1A9FCC3621BD0FD800A124B6 /* Extension.swift */ = {isa = PBXFileReference; fileEncoding = 4; lastKnownFileType = sourcecode.swift; path = Extension.swift; sourceTree = "<group>"; };
		1A9FCC3921BD49EC00A124B6 /* PostAttachmentCell.xib */ = {isa = PBXFileReference; fileEncoding = 4; lastKnownFileType = file.xib; path = PostAttachmentCell.xib; sourceTree = "<group>"; };
		1A9FCC3A21BD49EC00A124B6 /* PostAttachmentCell.swift */ = {isa = PBXFileReference; fileEncoding = 4; lastKnownFileType = sourcecode.swift; path = PostAttachmentCell.swift; sourceTree = "<group>"; };
		1A9FCC3D21BD4A0800A124B6 /* AttachmentPreviewCell.xib */ = {isa = PBXFileReference; fileEncoding = 4; lastKnownFileType = file.xib; path = AttachmentPreviewCell.xib; sourceTree = "<group>"; };
		1A9FCC3E21BD4A0800A124B6 /* AttachmentPreviewCell.swift */ = {isa = PBXFileReference; fileEncoding = 4; lastKnownFileType = sourcecode.swift; path = AttachmentPreviewCell.swift; sourceTree = "<group>"; };
		1A9FCC4121BD4A2B00A124B6 /* ImagePicker.swift */ = {isa = PBXFileReference; fileEncoding = 4; lastKnownFileType = sourcecode.swift; path = ImagePicker.swift; sourceTree = "<group>"; };
		1A9FCC4221BD4A2B00A124B6 /* PickerViewController.swift */ = {isa = PBXFileReference; fileEncoding = 4; lastKnownFileType = sourcecode.swift; path = PickerViewController.swift; sourceTree = "<group>"; };
		1A9FCC4321BD4A2B00A124B6 /* ImagePickerDelegate.swift */ = {isa = PBXFileReference; fileEncoding = 4; lastKnownFileType = sourcecode.swift; path = ImagePickerDelegate.swift; sourceTree = "<group>"; };
		1A9FCC4721BD4A4400A124B6 /* UIViewController+Extension.swift */ = {isa = PBXFileReference; fileEncoding = 4; lastKnownFileType = sourcecode.swift; path = "UIViewController+Extension.swift"; sourceTree = "<group>"; };
		1A9FCC4A21BD646E00A124B6 /* CoreServices.framework */ = {isa = PBXFileReference; lastKnownFileType = wrapper.framework; name = CoreServices.framework; path = System/Library/Frameworks/CoreServices.framework; sourceTree = SDKROOT; };
/* End PBXFileReference section */

/* Begin PBXFrameworksBuildPhase section */
		1A9FCBBB21BBF1D700A124B6 /* Frameworks */ = {
			isa = PBXFrameworksBuildPhase;
			buildActionMask = 2147483647;
			files = (
				1A9FCC4B21BD646F00A124B6 /* CoreServices.framework in Frameworks */,
			);
			runOnlyForDeploymentPostprocessing = 0;
		};
/* End PBXFrameworksBuildPhase section */

/* Begin PBXGroup section */
		1A9FCBB521BBF1D700A124B6 = {
			isa = PBXGroup;
			children = (
				1A9FCBC021BBF1D700A124B6 /* Assignment */,
				1A9FCBBF21BBF1D700A124B6 /* Products */,
				1A9FCC4921BD646D00A124B6 /* Frameworks */,
			);
			sourceTree = "<group>";
		};
		1A9FCBBF21BBF1D700A124B6 /* Products */ = {
			isa = PBXGroup;
			children = (
				1A9FCBBE21BBF1D700A124B6 /* Assignment.app */,
			);
			name = Products;
			sourceTree = "<group>";
		};
		1A9FCBC021BBF1D700A124B6 /* Assignment */ = {
			isa = PBXGroup;
			children = (
				1A9FCC3821BD499500A124B6 /* Post Attachments */,
				1A9FCC2D21BD0E7E00A124B6 /* View Layout */,
				1A9FCC2921BC67E800A124B6 /* Pickers */,
				1A9FCC2621BC5BE200A124B6 /* Constants */,
				1A9FCC1F21BC5AD400A124B6 /* CollectionView Cells */,
				1A9FCBD821BBF4B000A124B6 /* TableView Cells */,
				1A9FCBD721BBF23200A124B6 /* Supported Files */,
				1A9FCBD621BBF21E00A124B6 /* Assets */,
				1A9FCBD521BBF20C00A124B6 /* Storyboards */,
				1A9FCBD421BBF1FD00A124B6 /* View Controllers */,
				1A9FCBD321BBF1E400A124B6 /* App Delegate */,
			);
			path = Assignment;
			sourceTree = "<group>";
		};
		1A9FCBD321BBF1E400A124B6 /* App Delegate */ = {
			isa = PBXGroup;
			children = (
				1A9FCBC121BBF1D700A124B6 /* AppDelegate.swift */,
			);
			path = "App Delegate";
			sourceTree = "<group>";
		};
		1A9FCBD421BBF1FD00A124B6 /* View Controllers */ = {
			isa = PBXGroup;
			children = (
				1A9FCC1D21BC5ACB00A124B6 /* CategoryViewController.swift */,
				1A9FCBC321BBF1D700A124B6 /* NewPostViewController.swift */,
			);
			path = "View Controllers";
			sourceTree = "<group>";
		};
		1A9FCBD521BBF20C00A124B6 /* Storyboards */ = {
			isa = PBXGroup;
			children = (
				1A9FCBC521BBF1D700A124B6 /* Main.storyboard */,
				1A9FCBCA21BBF1D800A124B6 /* LaunchScreen.storyboard */,
			);
			path = Storyboards;
			sourceTree = "<group>";
		};
		1A9FCBD621BBF21E00A124B6 /* Assets */ = {
			isa = PBXGroup;
			children = (
				1A9FCBC821BBF1D800A124B6 /* Assets.xcassets */,
			);
			path = Assets;
			sourceTree = "<group>";
		};
		1A9FCBD721BBF23200A124B6 /* Supported Files */ = {
			isa = PBXGroup;
			children = (
				1A9FCC3621BD0FD800A124B6 /* Extension.swift */,
				1A9FCBCD21BBF1D800A124B6 /* Info.plist */,
			);
			path = "Supported Files";
			sourceTree = "<group>";
		};
		1A9FCBD821BBF4B000A124B6 /* TableView Cells */ = {
			isa = PBXGroup;
			children = (
				1A9FCC3121BD0F0100A124B6 /* DescriptionTableCell.swift */,
				1A9FCC3021BD0F0000A124B6 /* DoubleElementTableViewCell.swift */,
				1A9FCC3221BD0F0100A124B6 /* SingleElementTableViewCell.swift */,
				1A9FCBD921BBF4D100A124B6 /* PostTableViewCell.swift */,
			);
			path = "TableView Cells";
			sourceTree = "<group>";
		};
		1A9FCC1F21BC5AD400A124B6 /* CollectionView Cells */ = {
			isa = PBXGroup;
			children = (
				1A9FCC2321BC5B3400A124B6 /* Nibs */,
				1A9FCC2021BC5AFF00A124B6 /* CategoryCollCell.swift */,
			);
			path = "CollectionView Cells";
			sourceTree = "<group>";
		};
		1A9FCC2321BC5B3400A124B6 /* Nibs */ = {
			isa = PBXGroup;
			children = (
				1A9FCC2421BC5B5200A124B6 /* CategoryCollCell.xib */,
			);
			path = Nibs;
			sourceTree = "<group>";
		};
		1A9FCC2621BC5BE200A124B6 /* Constants */ = {
			isa = PBXGroup;
			children = (
				1A9FCC2721BC5BFC00A124B6 /* Constants.swift */,
			);
			path = Constants;
			sourceTree = "<group>";
		};
		1A9FCC2921BC67E800A124B6 /* Pickers */ = {
			isa = PBXGroup;
			children = (
				1A9FCC2A21BC67FA00A124B6 /* ToolbarPickerView.swift */,
			);
			path = Pickers;
			sourceTree = "<group>";
		};
		1A9FCC2D21BD0E7E00A124B6 /* View Layout */ = {
			isa = PBXGroup;
			children = (
				1A9FCC2E21BD0EBA00A124B6 /* PlaceHoldeTextView.swift */,
			);
			path = "View Layout";
			sourceTree = "<group>";
		};
		1A9FCC3821BD499500A124B6 /* Post Attachments */ = {
			isa = PBXGroup;
			children = (
				1A9FCC4721BD4A4400A124B6 /* UIViewController+Extension.swift */,
				1A9FCC4121BD4A2B00A124B6 /* ImagePicker.swift */,
				1A9FCC4321BD4A2B00A124B6 /* ImagePickerDelegate.swift */,
				1A9FCC4221BD4A2B00A124B6 /* PickerViewController.swift */,
				1A9FCC3E21BD4A0800A124B6 /* AttachmentPreviewCell.swift */,
				1A9FCC3D21BD4A0800A124B6 /* AttachmentPreviewCell.xib */,
				1A9FCC3A21BD49EC00A124B6 /* PostAttachmentCell.swift */,
				1A9FCC3921BD49EC00A124B6 /* PostAttachmentCell.xib */,
			);
			path = "Post Attachments";
			sourceTree = "<group>";
		};
		1A9FCC4921BD646D00A124B6 /* Frameworks */ = {
			isa = PBXGroup;
			children = (
				1A9FCC4A21BD646E00A124B6 /* CoreServices.framework */,
			);
			name = Frameworks;
			sourceTree = "<group>";
		};
/* End PBXGroup section */

/* Begin PBXNativeTarget section */
		1A9FCBBD21BBF1D700A124B6 /* Assignment */ = {
			isa = PBXNativeTarget;
			buildConfigurationList = 1A9FCBD021BBF1D800A124B6 /* Build configuration list for PBXNativeTarget "Assignment" */;
			buildPhases = (
				1A9FCBBA21BBF1D700A124B6 /* Sources */,
				1A9FCBBB21BBF1D700A124B6 /* Frameworks */,
				1A9FCBBC21BBF1D700A124B6 /* Resources */,
			);
			buildRules = (
			);
			dependencies = (
			);
			name = Assignment;
			productName = Assignment;
			productReference = 1A9FCBBE21BBF1D700A124B6 /* Assignment.app */;
			productType = "com.apple.product-type.application";
		};
/* End PBXNativeTarget section */

/* Begin PBXProject section */
		1A9FCBB621BBF1D700A124B6 /* Project object */ = {
			isa = PBXProject;
			attributes = {
				LastSwiftUpdateCheck = 1010;
				LastUpgradeCheck = 1010;
				ORGANIZATIONNAME = "Raj Shekhar";
				TargetAttributes = {
					1A9FCBBD21BBF1D700A124B6 = {
						CreatedOnToolsVersion = 10.1;
					};
				};
			};
			buildConfigurationList = 1A9FCBB921BBF1D700A124B6 /* Build configuration list for PBXProject "Assignment" */;
			compatibilityVersion = "Xcode 9.3";
			developmentRegion = en;
			hasScannedForEncodings = 0;
			knownRegions = (
				en,
				Base,
			);
			mainGroup = 1A9FCBB521BBF1D700A124B6;
			productRefGroup = 1A9FCBBF21BBF1D700A124B6 /* Products */;
			projectDirPath = "";
			projectRoot = "";
			targets = (
				1A9FCBBD21BBF1D700A124B6 /* Assignment */,
			);
		};
/* End PBXProject section */

/* Begin PBXResourcesBuildPhase section */
		1A9FCBBC21BBF1D700A124B6 /* Resources */ = {
			isa = PBXResourcesBuildPhase;
			buildActionMask = 2147483647;
			files = (
				1A9FCC3B21BD49EC00A124B6 /* PostAttachmentCell.xib in Resources */,
				1A9FCBCC21BBF1D800A124B6 /* LaunchScreen.storyboard in Resources */,
				1A9FCC2521BC5B5300A124B6 /* CategoryCollCell.xib in Resources */,
				1A9FCC3F21BD4A0900A124B6 /* AttachmentPreviewCell.xib in Resources */,
				1A9FCBC921BBF1D800A124B6 /* Assets.xcassets in Resources */,
				1A9FCBC721BBF1D700A124B6 /* Main.storyboard in Resources */,
			);
			runOnlyForDeploymentPostprocessing = 0;
		};
/* End PBXResourcesBuildPhase section */

/* Begin PBXSourcesBuildPhase section */
		1A9FCBBA21BBF1D700A124B6 /* Sources */ = {
			isa = PBXSourcesBuildPhase;
			buildActionMask = 2147483647;
			files = (
				1A9FCC4821BD4A4400A124B6 /* UIViewController+Extension.swift in Sources */,
				1A9FCC2121BC5AFF00A124B6 /* CategoryCollCell.swift in Sources */,
				1A9FCC1E21BC5ACB00A124B6 /* CategoryViewController.swift in Sources */,
				1A9FCC4521BD4A2B00A124B6 /* PickerViewController.swift in Sources */,
				1A9FCBC421BBF1D700A124B6 /* NewPostViewController.swift in Sources */,
				1A9FCC3721BD0FD800A124B6 /* Extension.swift in Sources */,
				1A9FCBC221BBF1D700A124B6 /* AppDelegate.swift in Sources */,
				1A9FCC2F21BD0EBA00A124B6 /* PlaceHoldeTextView.swift in Sources */,
				1A9FCC3521BD0F0100A124B6 /* SingleElementTableViewCell.swift in Sources */,
				1A9FCC3C21BD49EC00A124B6 /* PostAttachmentCell.swift in Sources */,
				1A9FCC3421BD0F0100A124B6 /* DescriptionTableCell.swift in Sources */,
				1A9FCBDA21BBF4D100A124B6 /* PostTableViewCell.swift in Sources */,
				1A9FCC4621BD4A2B00A124B6 /* ImagePickerDelegate.swift in Sources */,
				1A9FCC2B21BC67FB00A124B6 /* ToolbarPickerView.swift in Sources */,
				1A9FCC4021BD4A0900A124B6 /* AttachmentPreviewCell.swift in Sources */,
				1A9FCC4421BD4A2B00A124B6 /* ImagePicker.swift in Sources */,
				1A9FCC3321BD0F0100A124B6 /* DoubleElementTableViewCell.swift in Sources */,
				1A9FCC2821BC5BFC00A124B6 /* Constants.swift in Sources */,
			);
			runOnlyForDeploymentPostprocessing = 0;
		};
/* End PBXSourcesBuildPhase section */

/* Begin PBXVariantGroup section */
		1A9FCBC521BBF1D700A124B6 /* Main.storyboard */ = {
			isa = PBXVariantGroup;
			children = (
				1A9FCBC621BBF1D700A124B6 /* Base */,
			);
			name = Main.storyboard;
			sourceTree = "<group>";
		};
		1A9FCBCA21BBF1D800A124B6 /* LaunchScreen.storyboard */ = {
			isa = PBXVariantGroup;
			children = (
				1A9FCBCB21BBF1D800A124B6 /* Base */,
			);
			name = LaunchScreen.storyboard;
			sourceTree = "<group>";
		};
/* End PBXVariantGroup section */

/* Begin XCBuildConfiguration section */
		1A9FCBCE21BBF1D800A124B6 /* Debug */ = {
			isa = XCBuildConfiguration;
			buildSettings = {
				ALWAYS_SEARCH_USER_PATHS = NO;
				CLANG_ANALYZER_NONNULL = YES;
				CLANG_ANALYZER_NUMBER_OBJECT_CONVERSION = YES_AGGRESSIVE;
				CLANG_CXX_LANGUAGE_STANDARD = "gnu++14";
				CLANG_CXX_LIBRARY = "libc++";
				CLANG_ENABLE_MODULES = YES;
				CLANG_ENABLE_OBJC_ARC = YES;
				CLANG_ENABLE_OBJC_WEAK = YES;
				CLANG_WARN_BLOCK_CAPTURE_AUTORELEASING = YES;
				CLANG_WARN_BOOL_CONVERSION = YES;
				CLANG_WARN_COMMA = YES;
				CLANG_WARN_CONSTANT_CONVERSION = YES;
				CLANG_WARN_DEPRECATED_OBJC_IMPLEMENTATIONS = YES;
				CLANG_WARN_DIRECT_OBJC_ISA_USAGE = YES_ERROR;
				CLANG_WARN_DOCUMENTATION_COMMENTS = YES;
				CLANG_WARN_EMPTY_BODY = YES;
				CLANG_WARN_ENUM_CONVERSION = YES;
				CLANG_WARN_INFINITE_RECURSION = YES;
				CLANG_WARN_INT_CONVERSION = YES;
				CLANG_WARN_NON_LITERAL_NULL_CONVERSION = YES;
				CLANG_WARN_OBJC_IMPLICIT_RETAIN_SELF = YES;
				CLANG_WARN_OBJC_LITERAL_CONVERSION = YES;
				CLANG_WARN_OBJC_ROOT_CLASS = YES_ERROR;
				CLANG_WARN_RANGE_LOOP_ANALYSIS = YES;
				CLANG_WARN_STRICT_PROTOTYPES = YES;
				CLANG_WARN_SUSPICIOUS_MOVE = YES;
				CLANG_WARN_UNGUARDED_AVAILABILITY = YES_AGGRESSIVE;
				CLANG_WARN_UNREACHABLE_CODE = YES;
				CLANG_WARN__DUPLICATE_METHOD_MATCH = YES;
				CODE_SIGN_IDENTITY = "iPhone Developer";
				COPY_PHASE_STRIP = NO;
				DEBUG_INFORMATION_FORMAT = dwarf;
				ENABLE_STRICT_OBJC_MSGSEND = YES;
				ENABLE_TESTABILITY = YES;
				GCC_C_LANGUAGE_STANDARD = gnu11;
				GCC_DYNAMIC_NO_PIC = NO;
				GCC_NO_COMMON_BLOCKS = YES;
				GCC_OPTIMIZATION_LEVEL = 0;
				GCC_PREPROCESSOR_DEFINITIONS = (
					"DEBUG=1",
					"$(inherited)",
				);
				GCC_WARN_64_TO_32_BIT_CONVERSION = YES;
				GCC_WARN_ABOUT_RETURN_TYPE = YES_ERROR;
				GCC_WARN_UNDECLARED_SELECTOR = YES;
				GCC_WARN_UNINITIALIZED_AUTOS = YES_AGGRESSIVE;
				GCC_WARN_UNUSED_FUNCTION = YES;
				GCC_WARN_UNUSED_VARIABLE = YES;
				IPHONEOS_DEPLOYMENT_TARGET = 12.1;
				MTL_ENABLE_DEBUG_INFO = INCLUDE_SOURCE;
				MTL_FAST_MATH = YES;
				ONLY_ACTIVE_ARCH = YES;
				SDKROOT = iphoneos;
				SWIFT_ACTIVE_COMPILATION_CONDITIONS = DEBUG;
				SWIFT_OPTIMIZATION_LEVEL = "-Onone";
			};
			name = Debug;
		};
		1A9FCBCF21BBF1D800A124B6 /* Release */ = {
			isa = XCBuildConfiguration;
			buildSettings = {
				ALWAYS_SEARCH_USER_PATHS = NO;
				CLANG_ANALYZER_NONNULL = YES;
				CLANG_ANALYZER_NUMBER_OBJECT_CONVERSION = YES_AGGRESSIVE;
				CLANG_CXX_LANGUAGE_STANDARD = "gnu++14";
				CLANG_CXX_LIBRARY = "libc++";
				CLANG_ENABLE_MODULES = YES;
				CLANG_ENABLE_OBJC_ARC = YES;
				CLANG_ENABLE_OBJC_WEAK = YES;
				CLANG_WARN_BLOCK_CAPTURE_AUTORELEASING = YES;
				CLANG_WARN_BOOL_CONVERSION = YES;
				CLANG_WARN_COMMA = YES;
				CLANG_WARN_CONSTANT_CONVERSION = YES;
				CLANG_WARN_DEPRECATED_OBJC_IMPLEMENTATIONS = YES;
				CLANG_WARN_DIRECT_OBJC_ISA_USAGE = YES_ERROR;
				CLANG_WARN_DOCUMENTATION_COMMENTS = YES;
				CLANG_WARN_EMPTY_BODY = YES;
				CLANG_WARN_ENUM_CONVERSION = YES;
				CLANG_WARN_INFINITE_RECURSION = YES;
				CLANG_WARN_INT_CONVERSION = YES;
				CLANG_WARN_NON_LITERAL_NULL_CONVERSION = YES;
				CLANG_WARN_OBJC_IMPLICIT_RETAIN_SELF = YES;
				CLANG_WARN_OBJC_LITERAL_CONVERSION = YES;
				CLANG_WARN_OBJC_ROOT_CLASS = YES_ERROR;
				CLANG_WARN_RANGE_LOOP_ANALYSIS = YES;
				CLANG_WARN_STRICT_PROTOTYPES = YES;
				CLANG_WARN_SUSPICIOUS_MOVE = YES;
				CLANG_WARN_UNGUARDED_AVAILABILITY = YES_AGGRESSIVE;
				CLANG_WARN_UNREACHABLE_CODE = YES;
				CLANG_WARN__DUPLICATE_METHOD_MATCH = YES;
				CODE_SIGN_IDENTITY = "iPhone Developer";
				COPY_PHASE_STRIP = NO;
				DEBUG_INFORMATION_FORMAT = "dwarf-with-dsym";
				ENABLE_NS_ASSERTIONS = NO;
				ENABLE_STRICT_OBJC_MSGSEND = YES;
				GCC_C_LANGUAGE_STANDARD = gnu11;
				GCC_NO_COMMON_BLOCKS = YES;
				GCC_WARN_64_TO_32_BIT_CONVERSION = YES;
				GCC_WARN_ABOUT_RETURN_TYPE = YES_ERROR;
				GCC_WARN_UNDECLARED_SELECTOR = YES;
				GCC_WARN_UNINITIALIZED_AUTOS = YES_AGGRESSIVE;
				GCC_WARN_UNUSED_FUNCTION = YES;
				GCC_WARN_UNUSED_VARIABLE = YES;
				IPHONEOS_DEPLOYMENT_TARGET = 12.1;
				MTL_ENABLE_DEBUG_INFO = NO;
				MTL_FAST_MATH = YES;
				SDKROOT = iphoneos;
				SWIFT_COMPILATION_MODE = wholemodule;
				SWIFT_OPTIMIZATION_LEVEL = "-O";
				VALIDATE_PRODUCT = YES;
			};
			name = Release;
		};
		1A9FCBD121BBF1D800A124B6 /* Debug */ = {
			isa = XCBuildConfiguration;
			buildSettings = {
				ASSETCATALOG_COMPILER_APPICON_NAME = AppIcon;
				CODE_SIGN_STYLE = Automatic;
				DEVELOPMENT_TEAM = WS9G37P42N;
				INFOPLIST_FILE = "Assignment/Supported Files/Info.plist";
				IPHONEOS_DEPLOYMENT_TARGET = 11.0;
				LD_RUNPATH_SEARCH_PATHS = (
					"$(inherited)",
					"@executable_path/Frameworks",
				);
				PRODUCT_BUNDLE_IDENTIFIER = com.Raj.Assignment;
				PRODUCT_NAME = "$(TARGET_NAME)";
				SWIFT_VERSION = 4.2;
				TARGETED_DEVICE_FAMILY = "1,2";
			};
			name = Debug;
		};
		1A9FCBD221BBF1D800A124B6 /* Release */ = {
			isa = XCBuildConfiguration;
			buildSettings = {
				ASSETCATALOG_COMPILER_APPICON_NAME = AppIcon;
				CODE_SIGN_STYLE = Automatic;
				DEVELOPMENT_TEAM = WS9G37P42N;
				INFOPLIST_FILE = "Assignment/Supported Files/Info.plist";
				IPHONEOS_DEPLOYMENT_TARGET = 11.0;
				LD_RUNPATH_SEARCH_PATHS = (
					"$(inherited)",
					"@executable_path/Frameworks",
				);
				PRODUCT_BUNDLE_IDENTIFIER = com.Raj.Assignment;
				PRODUCT_NAME = "$(TARGET_NAME)";
				SWIFT_VERSION = 4.2;
				TARGETED_DEVICE_FAMILY = "1,2";
			};
			name = Release;
		};
/* End XCBuildConfiguration section */

/* Begin XCConfigurationList section */
		1A9FCBB921BBF1D700A124B6 /* Build configuration list for PBXProject "Assignment" */ = {
			isa = XCConfigurationList;
			buildConfigurations = (
				1A9FCBCE21BBF1D800A124B6 /* Debug */,
				1A9FCBCF21BBF1D800A124B6 /* Release */,
			);
			defaultConfigurationIsVisible = 0;
			defaultConfigurationName = Release;
		};
		1A9FCBD021BBF1D800A124B6 /* Build configuration list for PBXNativeTarget "Assignment" */ = {
			isa = XCConfigurationList;
			buildConfigurations = (
				1A9FCBD121BBF1D800A124B6 /* Debug */,
				1A9FCBD221BBF1D800A124B6 /* Release */,
			);
			defaultConfigurationIsVisible = 0;
			defaultConfigurationName = Release;
		};
/* End XCConfigurationList section */
	};
	rootObject = 1A9FCBB621BBF1D700A124B6 /* Project object */;
}
